// !$*UTF8*$!
{
	archiveVersion = 1;
	classes = {
	};
	objectVersion = 56;
	objects = {

/* Begin PBXBuildFile section */
		DA2A8F972BE3D16B00859A61 /* Categories.swift in Sources */ = {isa = PBXBuildFile; fileRef = DA2A8F962BE3D16B00859A61 /* Categories.swift */; };
		DA2A8F992BE3DACA00859A61 /* Category.swift in Sources */ = {isa = PBXBuildFile; fileRef = DA2A8F982BE3DACA00859A61 /* Category.swift */; };
		DA2A8F9C2BE3E5D500859A61 /* CategoriesModifiers.swift in Sources */ = {isa = PBXBuildFile; fileRef = DA2A8F9B2BE3E5D500859A61 /* CategoriesModifiers.swift */; };
		DA641F592BE292F3008AF0BC /* ExpensesApp.swift in Sources */ = {isa = PBXBuildFile; fileRef = DA641F582BE292F3008AF0BC /* ExpensesApp.swift */; };
		DA641F5B2BE292F3008AF0BC /* ContentView.swift in Sources */ = {isa = PBXBuildFile; fileRef = DA641F5A2BE292F3008AF0BC /* ContentView.swift */; };
		DA641F5D2BE292F7008AF0BC /* Assets.xcassets in Resources */ = {isa = PBXBuildFile; fileRef = DA641F5C2BE292F7008AF0BC /* Assets.xcassets */; };
		DA641F602BE292F7008AF0BC /* Preview Assets.xcassets in Resources */ = {isa = PBXBuildFile; fileRef = DA641F5F2BE292F7008AF0BC /* Preview Assets.xcassets */; };
		DA641F6A2BE292F7008AF0BC /* ExpensesTests.swift in Sources */ = {isa = PBXBuildFile; fileRef = DA641F692BE292F7008AF0BC /* ExpensesTests.swift */; };
		DA641F742BE292F7008AF0BC /* ExpensesUITests.swift in Sources */ = {isa = PBXBuildFile; fileRef = DA641F732BE292F7008AF0BC /* ExpensesUITests.swift */; };
		DA641F762BE292F7008AF0BC /* ExpensesUITestsLaunchTests.swift in Sources */ = {isa = PBXBuildFile; fileRef = DA641F752BE292F7008AF0BC /* ExpensesUITestsLaunchTests.swift */; };
		DA641F852BE2943D008AF0BC /* Homepage.swift in Sources */ = {isa = PBXBuildFile; fileRef = DA641F842BE2943D008AF0BC /* Homepage.swift */; };
		DA641F882BE299A9008AF0BC /* Color.swift in Sources */ = {isa = PBXBuildFile; fileRef = DA641F872BE299A9008AF0BC /* Color.swift */; };
		DA641F8D2BE29BC9008AF0BC /* Montserrat-Bold.ttf in Resources */ = {isa = PBXBuildFile; fileRef = DA641F8A2BE29BC9008AF0BC /* Montserrat-Bold.ttf */; };
		DA641F8E2BE29BC9008AF0BC /* Montserrat-Light.ttf in Resources */ = {isa = PBXBuildFile; fileRef = DA641F8B2BE29BC9008AF0BC /* Montserrat-Light.ttf */; };
		DA641F8F2BE29BC9008AF0BC /* Montserrat-Regular.ttf in Resources */ = {isa = PBXBuildFile; fileRef = DA641F8C2BE29BC9008AF0BC /* Montserrat-Regular.ttf */; };
		DA641F932BE2A6F1008AF0BC /* CategoriesButton.swift in Sources */ = {isa = PBXBuildFile; fileRef = DA641F922BE2A6F1008AF0BC /* CategoriesButton.swift */; };
		DA641F952BE2B1AC008AF0BC /* ExpensesList.swift in Sources */ = {isa = PBXBuildFile; fileRef = DA641F942BE2B1AC008AF0BC /* ExpensesList.swift */; };
/* End PBXBuildFile section */

/* Begin PBXContainerItemProxy section */
		DA641F662BE292F7008AF0BC /* PBXContainerItemProxy */ = {
			isa = PBXContainerItemProxy;
			containerPortal = DA641F4D2BE292F3008AF0BC /* Project object */;
			proxyType = 1;
			remoteGlobalIDString = DA641F542BE292F3008AF0BC;
			remoteInfo = Expenses;
		};
		DA641F702BE292F7008AF0BC /* PBXContainerItemProxy */ = {
			isa = PBXContainerItemProxy;
			containerPortal = DA641F4D2BE292F3008AF0BC /* Project object */;
			proxyType = 1;
			remoteGlobalIDString = DA641F542BE292F3008AF0BC;
			remoteInfo = Expenses;
		};
/* End PBXContainerItemProxy section */

/* Begin PBXFileReference section */
		DA2A8F962BE3D16B00859A61 /* Categories.swift */ = {isa = PBXFileReference; lastKnownFileType = sourcecode.swift; path = Categories.swift; sourceTree = "<group>"; };
		DA2A8F982BE3DACA00859A61 /* Category.swift */ = {isa = PBXFileReference; lastKnownFileType = sourcecode.swift; path = Category.swift; sourceTree = "<group>"; };
		DA2A8F9B2BE3E5D500859A61 /* CategoriesModifiers.swift */ = {isa = PBXFileReference; lastKnownFileType = sourcecode.swift; path = CategoriesModifiers.swift; sourceTree = "<group>"; };
		DA641F552BE292F3008AF0BC /* Expenses.app */ = {isa = PBXFileReference; explicitFileType = wrapper.application; includeInIndex = 0; path = Expenses.app; sourceTree = BUILT_PRODUCTS_DIR; };
		DA641F582BE292F3008AF0BC /* ExpensesApp.swift */ = {isa = PBXFileReference; lastKnownFileType = sourcecode.swift; path = ExpensesApp.swift; sourceTree = "<group>"; };
		DA641F5A2BE292F3008AF0BC /* ContentView.swift */ = {isa = PBXFileReference; lastKnownFileType = sourcecode.swift; path = ContentView.swift; sourceTree = "<group>"; };
		DA641F5C2BE292F7008AF0BC /* Assets.xcassets */ = {isa = PBXFileReference; lastKnownFileType = folder.assetcatalog; path = Assets.xcassets; sourceTree = "<group>"; };
		DA641F5F2BE292F7008AF0BC /* Preview Assets.xcassets */ = {isa = PBXFileReference; lastKnownFileType = folder.assetcatalog; path = "Preview Assets.xcassets"; sourceTree = "<group>"; };
		DA641F652BE292F7008AF0BC /* ExpensesTests.xctest */ = {isa = PBXFileReference; explicitFileType = wrapper.cfbundle; includeInIndex = 0; path = ExpensesTests.xctest; sourceTree = BUILT_PRODUCTS_DIR; };
		DA641F692BE292F7008AF0BC /* ExpensesTests.swift */ = {isa = PBXFileReference; lastKnownFileType = sourcecode.swift; path = ExpensesTests.swift; sourceTree = "<group>"; };
		DA641F6F2BE292F7008AF0BC /* ExpensesUITests.xctest */ = {isa = PBXFileReference; explicitFileType = wrapper.cfbundle; includeInIndex = 0; path = ExpensesUITests.xctest; sourceTree = BUILT_PRODUCTS_DIR; };
		DA641F732BE292F7008AF0BC /* ExpensesUITests.swift */ = {isa = PBXFileReference; lastKnownFileType = sourcecode.swift; path = ExpensesUITests.swift; sourceTree = "<group>"; };
		DA641F752BE292F7008AF0BC /* ExpensesUITestsLaunchTests.swift */ = {isa = PBXFileReference; lastKnownFileType = sourcecode.swift; path = ExpensesUITestsLaunchTests.swift; sourceTree = "<group>"; };
		DA641F842BE2943D008AF0BC /* Homepage.swift */ = {isa = PBXFileReference; lastKnownFileType = sourcecode.swift; path = Homepage.swift; sourceTree = "<group>"; };
		DA641F872BE299A9008AF0BC /* Color.swift */ = {isa = PBXFileReference; lastKnownFileType = sourcecode.swift; path = Color.swift; sourceTree = "<group>"; };
		DA641F8A2BE29BC9008AF0BC /* Montserrat-Bold.ttf */ = {isa = PBXFileReference; lastKnownFileType = file; path = "Montserrat-Bold.ttf"; sourceTree = "<group>"; };
		DA641F8B2BE29BC9008AF0BC /* Montserrat-Light.ttf */ = {isa = PBXFileReference; lastKnownFileType = file; path = "Montserrat-Light.ttf"; sourceTree = "<group>"; };
		DA641F8C2BE29BC9008AF0BC /* Montserrat-Regular.ttf */ = {isa = PBXFileReference; lastKnownFileType = file; path = "Montserrat-Regular.ttf"; sourceTree = "<group>"; };
		DA641F902BE29C77008AF0BC /* Info.plist */ = {isa = PBXFileReference; lastKnownFileType = text.plist; path = Info.plist; sourceTree = "<group>"; };
		DA641F912BE29E02008AF0BC /* Info.plist */ = {isa = PBXFileReference; lastKnownFileType = text.plist; path = Info.plist; sourceTree = "<group>"; };
		DA641F922BE2A6F1008AF0BC /* CategoriesButton.swift */ = {isa = PBXFileReference; lastKnownFileType = sourcecode.swift; path = CategoriesButton.swift; sourceTree = "<group>"; };
		DA641F942BE2B1AC008AF0BC /* ExpensesList.swift */ = {isa = PBXFileReference; lastKnownFileType = sourcecode.swift; path = ExpensesList.swift; sourceTree = "<group>"; };
/* End PBXFileReference section */

/* Begin PBXFrameworksBuildPhase section */
		DA641F522BE292F3008AF0BC /* Frameworks */ = {
			isa = PBXFrameworksBuildPhase;
			buildActionMask = 2147483647;
			files = (
			);
			runOnlyForDeploymentPostprocessing = 0;
		};
		DA641F622BE292F7008AF0BC /* Frameworks */ = {
			isa = PBXFrameworksBuildPhase;
			buildActionMask = 2147483647;
			files = (
			);
			runOnlyForDeploymentPostprocessing = 0;
		};
		DA641F6C2BE292F7008AF0BC /* Frameworks */ = {
			isa = PBXFrameworksBuildPhase;
			buildActionMask = 2147483647;
			files = (
			);
			runOnlyForDeploymentPostprocessing = 0;
		};
/* End PBXFrameworksBuildPhase section */

/* Begin PBXGroup section */
		DA2A8F9A2BE3E5AE00859A61 /* ViewModifiers */ = {
			isa = PBXGroup;
			children = (
				DA2A8F9B2BE3E5D500859A61 /* CategoriesModifiers.swift */,
			);
			path = ViewModifiers;
			sourceTree = "<group>";
		};
		DA641F4C2BE292F3008AF0BC = {
			isa = PBXGroup;
			children = (
				DA641F572BE292F3008AF0BC /* Expenses */,
				DA641F682BE292F7008AF0BC /* ExpensesTests */,
				DA641F722BE292F7008AF0BC /* ExpensesUITests */,
				DA641F562BE292F3008AF0BC /* Products */,
			);
			sourceTree = "<group>";
		};
		DA641F562BE292F3008AF0BC /* Products */ = {
			isa = PBXGroup;
			children = (
				DA641F552BE292F3008AF0BC /* Expenses.app */,
				DA641F652BE292F7008AF0BC /* ExpensesTests.xctest */,
				DA641F6F2BE292F7008AF0BC /* ExpensesUITests.xctest */,
			);
			name = Products;
			sourceTree = "<group>";
		};
		DA641F572BE292F3008AF0BC /* Expenses */ = {
			isa = PBXGroup;
			children = (
				DA641F912BE29E02008AF0BC /* Info.plist */,
				DA641F582BE292F3008AF0BC /* ExpensesApp.swift */,
				DA641F5A2BE292F3008AF0BC /* ContentView.swift */,
				DA641F5C2BE292F7008AF0BC /* Assets.xcassets */,
				DA641F892BE29BB2008AF0BC /* Fonts */,
				DA2A8F9A2BE3E5AE00859A61 /* ViewModifiers */,
				DA641F862BE29997008AF0BC /* Extensions */,
				DA641F822BE29419008AF0BC /* Components */,
				DA641F832BE29422008AF0BC /* Views */,
				DA641F5E2BE292F7008AF0BC /* Preview Content */,
			);
			path = Expenses;
			sourceTree = "<group>";
		};
		DA641F5E2BE292F7008AF0BC /* Preview Content */ = {
			isa = PBXGroup;
			children = (
				DA641F5F2BE292F7008AF0BC /* Preview Assets.xcassets */,
			);
			path = "Preview Content";
			sourceTree = "<group>";
		};
		DA641F682BE292F7008AF0BC /* ExpensesTests */ = {
			isa = PBXGroup;
			children = (
				DA641F692BE292F7008AF0BC /* ExpensesTests.swift */,
			);
			path = ExpensesTests;
			sourceTree = "<group>";
		};
		DA641F722BE292F7008AF0BC /* ExpensesUITests */ = {
			isa = PBXGroup;
			children = (
				DA641F902BE29C77008AF0BC /* Info.plist */,
				DA641F732BE292F7008AF0BC /* ExpensesUITests.swift */,
				DA641F752BE292F7008AF0BC /* ExpensesUITestsLaunchTests.swift */,
			);
			path = ExpensesUITests;
			sourceTree = "<group>";
		};
		DA641F822BE29419008AF0BC /* Components */ = {
			isa = PBXGroup;
			children = (
				DA641F922BE2A6F1008AF0BC /* CategoriesButton.swift */,
				DA2A8F982BE3DACA00859A61 /* Category.swift */,
				DA641F942BE2B1AC008AF0BC /* ExpensesList.swift */,
			);
			path = Components;
			sourceTree = "<group>";
		};
		DA641F832BE29422008AF0BC /* Views */ = {
			isa = PBXGroup;
			children = (
				DA641F842BE2943D008AF0BC /* Homepage.swift */,
				DA2A8F962BE3D16B00859A61 /* Categories.swift */,
			);
			path = Views;
			sourceTree = "<group>";
		};
		DA641F862BE29997008AF0BC /* Extensions */ = {
			isa = PBXGroup;
			children = (
				DA641F872BE299A9008AF0BC /* Color.swift */,
			);
			path = Extensions;
			sourceTree = "<group>";
		};
		DA641F892BE29BB2008AF0BC /* Fonts */ = {
			isa = PBXGroup;
			children = (
				DA641F8A2BE29BC9008AF0BC /* Montserrat-Bold.ttf */,
				DA641F8B2BE29BC9008AF0BC /* Montserrat-Light.ttf */,
				DA641F8C2BE29BC9008AF0BC /* Montserrat-Regular.ttf */,
			);
			path = Fonts;
			sourceTree = "<group>";
		};
/* End PBXGroup section */

/* Begin PBXNativeTarget section */
		DA641F542BE292F3008AF0BC /* Expenses */ = {
			isa = PBXNativeTarget;
			buildConfigurationList = DA641F792BE292F7008AF0BC /* Build configuration list for PBXNativeTarget "Expenses" */;
			buildPhases = (
				DA641F512BE292F3008AF0BC /* Sources */,
				DA641F522BE292F3008AF0BC /* Frameworks */,
				DA641F532BE292F3008AF0BC /* Resources */,
			);
			buildRules = (
			);
			dependencies = (
			);
			name = Expenses;
			productName = Expenses;
			productReference = DA641F552BE292F3008AF0BC /* Expenses.app */;
			productType = "com.apple.product-type.application";
		};
		DA641F642BE292F7008AF0BC /* ExpensesTests */ = {
			isa = PBXNativeTarget;
			buildConfigurationList = DA641F7C2BE292F7008AF0BC /* Build configuration list for PBXNativeTarget "ExpensesTests" */;
			buildPhases = (
				DA641F612BE292F7008AF0BC /* Sources */,
				DA641F622BE292F7008AF0BC /* Frameworks */,
				DA641F632BE292F7008AF0BC /* Resources */,
			);
			buildRules = (
			);
			dependencies = (
				DA641F672BE292F7008AF0BC /* PBXTargetDependency */,
			);
			name = ExpensesTests;
			productName = ExpensesTests;
			productReference = DA641F652BE292F7008AF0BC /* ExpensesTests.xctest */;
			productType = "com.apple.product-type.bundle.unit-test";
		};
		DA641F6E2BE292F7008AF0BC /* ExpensesUITests */ = {
			isa = PBXNativeTarget;
			buildConfigurationList = DA641F7F2BE292F7008AF0BC /* Build configuration list for PBXNativeTarget "ExpensesUITests" */;
			buildPhases = (
				DA641F6B2BE292F7008AF0BC /* Sources */,
				DA641F6C2BE292F7008AF0BC /* Frameworks */,
				DA641F6D2BE292F7008AF0BC /* Resources */,
			);
			buildRules = (
			);
			dependencies = (
				DA641F712BE292F7008AF0BC /* PBXTargetDependency */,
			);
			name = ExpensesUITests;
			productName = ExpensesUITests;
			productReference = DA641F6F2BE292F7008AF0BC /* ExpensesUITests.xctest */;
			productType = "com.apple.product-type.bundle.ui-testing";
		};
/* End PBXNativeTarget section */

/* Begin PBXProject section */
		DA641F4D2BE292F3008AF0BC /* Project object */ = {
			isa = PBXProject;
			attributes = {
				BuildIndependentTargetsInParallel = 1;
				LastSwiftUpdateCheck = 1530;
				LastUpgradeCheck = 1530;
				TargetAttributes = {
					DA641F542BE292F3008AF0BC = {
						CreatedOnToolsVersion = 15.3;
					};
					DA641F642BE292F7008AF0BC = {
						CreatedOnToolsVersion = 15.3;
						TestTargetID = DA641F542BE292F3008AF0BC;
					};
					DA641F6E2BE292F7008AF0BC = {
						CreatedOnToolsVersion = 15.3;
						TestTargetID = DA641F542BE292F3008AF0BC;
					};
				};
			};
			buildConfigurationList = DA641F502BE292F3008AF0BC /* Build configuration list for PBXProject "Expenses" */;
			compatibilityVersion = "Xcode 14.0";
			developmentRegion = en;
			hasScannedForEncodings = 0;
			knownRegions = (
				en,
				Base,
			);
			mainGroup = DA641F4C2BE292F3008AF0BC;
			productRefGroup = DA641F562BE292F3008AF0BC /* Products */;
			projectDirPath = "";
			projectRoot = "";
			targets = (
				DA641F542BE292F3008AF0BC /* Expenses */,
				DA641F642BE292F7008AF0BC /* ExpensesTests */,
				DA641F6E2BE292F7008AF0BC /* ExpensesUITests */,
			);
		};
/* End PBXProject section */

/* Begin PBXResourcesBuildPhase section */
		DA641F532BE292F3008AF0BC /* Resources */ = {
			isa = PBXResourcesBuildPhase;
			buildActionMask = 2147483647;
			files = (
				DA641F8E2BE29BC9008AF0BC /* Montserrat-Light.ttf in Resources */,
				DA641F602BE292F7008AF0BC /* Preview Assets.xcassets in Resources */,
				DA641F5D2BE292F7008AF0BC /* Assets.xcassets in Resources */,
				DA641F8F2BE29BC9008AF0BC /* Montserrat-Regular.ttf in Resources */,
				DA641F8D2BE29BC9008AF0BC /* Montserrat-Bold.ttf in Resources */,
			);
			runOnlyForDeploymentPostprocessing = 0;
		};
		DA641F632BE292F7008AF0BC /* Resources */ = {
			isa = PBXResourcesBuildPhase;
			buildActionMask = 2147483647;
			files = (
			);
			runOnlyForDeploymentPostprocessing = 0;
		};
		DA641F6D2BE292F7008AF0BC /* Resources */ = {
			isa = PBXResourcesBuildPhase;
			buildActionMask = 2147483647;
			files = (
			);
			runOnlyForDeploymentPostprocessing = 0;
		};
/* End PBXResourcesBuildPhase section */

/* Begin PBXSourcesBuildPhase section */
		DA641F512BE292F3008AF0BC /* Sources */ = {
			isa = PBXSourcesBuildPhase;
			buildActionMask = 2147483647;
			files = (
				DA641F952BE2B1AC008AF0BC /* ExpensesList.swift in Sources */,
				DA2A8F972BE3D16B00859A61 /* Categories.swift in Sources */,
				DA641F852BE2943D008AF0BC /* Homepage.swift in Sources */,
				DA641F882BE299A9008AF0BC /* Color.swift in Sources */,
				DA641F5B2BE292F3008AF0BC /* ContentView.swift in Sources */,
				DA2A8F9C2BE3E5D500859A61 /* CategoriesModifiers.swift in Sources */,
				DA641F932BE2A6F1008AF0BC /* CategoriesButton.swift in Sources */,
				DA641F592BE292F3008AF0BC /* ExpensesApp.swift in Sources */,
				DA2A8F992BE3DACA00859A61 /* Category.swift in Sources */,
			);
			runOnlyForDeploymentPostprocessing = 0;
		};
		DA641F612BE292F7008AF0BC /* Sources */ = {
			isa = PBXSourcesBuildPhase;
			buildActionMask = 2147483647;
			files = (
				DA641F6A2BE292F7008AF0BC /* ExpensesTests.swift in Sources */,
			);
			runOnlyForDeploymentPostprocessing = 0;
		};
		DA641F6B2BE292F7008AF0BC /* Sources */ = {
			isa = PBXSourcesBuildPhase;
			buildActionMask = 2147483647;
			files = (
				DA641F762BE292F7008AF0BC /* ExpensesUITestsLaunchTests.swift in Sources */,
				DA641F742BE292F7008AF0BC /* ExpensesUITests.swift in Sources */,
			);
			runOnlyForDeploymentPostprocessing = 0;
		};
/* End PBXSourcesBuildPhase section */

/* Begin PBXTargetDependency section */
		DA641F672BE292F7008AF0BC /* PBXTargetDependency */ = {
			isa = PBXTargetDependency;
			target = DA641F542BE292F3008AF0BC /* Expenses */;
			targetProxy = DA641F662BE292F7008AF0BC /* PBXContainerItemProxy */;
		};
		DA641F712BE292F7008AF0BC /* PBXTargetDependency */ = {
			isa = PBXTargetDependency;
			target = DA641F542BE292F3008AF0BC /* Expenses */;
			targetProxy = DA641F702BE292F7008AF0BC /* PBXContainerItemProxy */;
		};
/* End PBXTargetDependency section */

/* Begin XCBuildConfiguration section */
		DA641F772BE292F7008AF0BC /* Debug */ = {
			isa = XCBuildConfiguration;
			buildSettings = {
				ALWAYS_SEARCH_USER_PATHS = NO;
				ASSETCATALOG_COMPILER_GENERATE_SWIFT_ASSET_SYMBOL_EXTENSIONS = YES;
				CLANG_ANALYZER_NONNULL = YES;
				CLANG_ANALYZER_NUMBER_OBJECT_CONVERSION = YES_AGGRESSIVE;
				CLANG_CXX_LANGUAGE_STANDARD = "gnu++20";
				CLANG_ENABLE_MODULES = YES;
				CLANG_ENABLE_OBJC_ARC = YES;
				CLANG_ENABLE_OBJC_WEAK = YES;
				CLANG_WARN_BLOCK_CAPTURE_AUTORELEASING = YES;
				CLANG_WARN_BOOL_CONVERSION = YES;
				CLANG_WARN_COMMA = YES;
				CLANG_WARN_CONSTANT_CONVERSION = YES;
				CLANG_WARN_DEPRECATED_OBJC_IMPLEMENTATIONS = YES;
				CLANG_WARN_DIRECT_OBJC_ISA_USAGE = YES_ERROR;
				CLANG_WARN_DOCUMENTATION_COMMENTS = YES;
				CLANG_WARN_EMPTY_BODY = YES;
				CLANG_WARN_ENUM_CONVERSION = YES;
				CLANG_WARN_INFINITE_RECURSION = YES;
				CLANG_WARN_INT_CONVERSION = YES;
				CLANG_WARN_NON_LITERAL_NULL_CONVERSION = YES;
				CLANG_WARN_OBJC_IMPLICIT_RETAIN_SELF = YES;
				CLANG_WARN_OBJC_LITERAL_CONVERSION = YES;
				CLANG_WARN_OBJC_ROOT_CLASS = YES_ERROR;
				CLANG_WARN_QUOTED_INCLUDE_IN_FRAMEWORK_HEADER = YES;
				CLANG_WARN_RANGE_LOOP_ANALYSIS = YES;
				CLANG_WARN_STRICT_PROTOTYPES = YES;
				CLANG_WARN_SUSPICIOUS_MOVE = YES;
				CLANG_WARN_UNGUARDED_AVAILABILITY = YES_AGGRESSIVE;
				CLANG_WARN_UNREACHABLE_CODE = YES;
				CLANG_WARN__DUPLICATE_METHOD_MATCH = YES;
				COPY_PHASE_STRIP = NO;
				DEBUG_INFORMATION_FORMAT = dwarf;
				ENABLE_STRICT_OBJC_MSGSEND = YES;
				ENABLE_TESTABILITY = YES;
				ENABLE_USER_SCRIPT_SANDBOXING = YES;
				GCC_C_LANGUAGE_STANDARD = gnu17;
				GCC_DYNAMIC_NO_PIC = NO;
				GCC_NO_COMMON_BLOCKS = YES;
				GCC_OPTIMIZATION_LEVEL = 0;
				GCC_PREPROCESSOR_DEFINITIONS = (
					"DEBUG=1",
					"$(inherited)",
				);
				GCC_WARN_64_TO_32_BIT_CONVERSION = YES;
				GCC_WARN_ABOUT_RETURN_TYPE = YES_ERROR;
				GCC_WARN_UNDECLARED_SELECTOR = YES;
				GCC_WARN_UNINITIALIZED_AUTOS = YES_AGGRESSIVE;
				GCC_WARN_UNUSED_FUNCTION = YES;
				GCC_WARN_UNUSED_VARIABLE = YES;
				IPHONEOS_DEPLOYMENT_TARGET = 16.1;
				LOCALIZATION_PREFERS_STRING_CATALOGS = YES;
				MTL_ENABLE_DEBUG_INFO = INCLUDE_SOURCE;
				MTL_FAST_MATH = YES;
				ONLY_ACTIVE_ARCH = YES;
				SDKROOT = iphoneos;
				SWIFT_ACTIVE_COMPILATION_CONDITIONS = "DEBUG $(inherited)";
				SWIFT_OPTIMIZATION_LEVEL = "-Onone";
			};
			name = Debug;
		};
		DA641F782BE292F7008AF0BC /* Release */ = {
			isa = XCBuildConfiguration;
			buildSettings = {
				ALWAYS_SEARCH_USER_PATHS = NO;
				ASSETCATALOG_COMPILER_GENERATE_SWIFT_ASSET_SYMBOL_EXTENSIONS = YES;
				CLANG_ANALYZER_NONNULL = YES;
				CLANG_ANALYZER_NUMBER_OBJECT_CONVERSION = YES_AGGRESSIVE;
				CLANG_CXX_LANGUAGE_STANDARD = "gnu++20";
				CLANG_ENABLE_MODULES = YES;
				CLANG_ENABLE_OBJC_ARC = YES;
				CLANG_ENABLE_OBJC_WEAK = YES;
				CLANG_WARN_BLOCK_CAPTURE_AUTORELEASING = YES;
				CLANG_WARN_BOOL_CONVERSION = YES;
				CLANG_WARN_COMMA = YES;
				CLANG_WARN_CONSTANT_CONVERSION = YES;
				CLANG_WARN_DEPRECATED_OBJC_IMPLEMENTATIONS = YES;
				CLANG_WARN_DIRECT_OBJC_ISA_USAGE = YES_ERROR;
				CLANG_WARN_DOCUMENTATION_COMMENTS = YES;
				CLANG_WARN_EMPTY_BODY = YES;
				CLANG_WARN_ENUM_CONVERSION = YES;
				CLANG_WARN_INFINITE_RECURSION = YES;
				CLANG_WARN_INT_CONVERSION = YES;
				CLANG_WARN_NON_LITERAL_NULL_CONVERSION = YES;
				CLANG_WARN_OBJC_IMPLICIT_RETAIN_SELF = YES;
				CLANG_WARN_OBJC_LITERAL_CONVERSION = YES;
				CLANG_WARN_OBJC_ROOT_CLASS = YES_ERROR;
				CLANG_WARN_QUOTED_INCLUDE_IN_FRAMEWORK_HEADER = YES;
				CLANG_WARN_RANGE_LOOP_ANALYSIS = YES;
				CLANG_WARN_STRICT_PROTOTYPES = YES;
				CLANG_WARN_SUSPICIOUS_MOVE = YES;
				CLANG_WARN_UNGUARDED_AVAILABILITY = YES_AGGRESSIVE;
				CLANG_WARN_UNREACHABLE_CODE = YES;
				CLANG_WARN__DUPLICATE_METHOD_MATCH = YES;
				COPY_PHASE_STRIP = NO;
				DEBUG_INFORMATION_FORMAT = "dwarf-with-dsym";
				ENABLE_NS_ASSERTIONS = NO;
				ENABLE_STRICT_OBJC_MSGSEND = YES;
				ENABLE_USER_SCRIPT_SANDBOXING = YES;
				GCC_C_LANGUAGE_STANDARD = gnu17;
				GCC_NO_COMMON_BLOCKS = YES;
				GCC_WARN_64_TO_32_BIT_CONVERSION = YES;
				GCC_WARN_ABOUT_RETURN_TYPE = YES_ERROR;
				GCC_WARN_UNDECLARED_SELECTOR = YES;
				GCC_WARN_UNINITIALIZED_AUTOS = YES_AGGRESSIVE;
				GCC_WARN_UNUSED_FUNCTION = YES;
				GCC_WARN_UNUSED_VARIABLE = YES;
				IPHONEOS_DEPLOYMENT_TARGET = 16.1;
				LOCALIZATION_PREFERS_STRING_CATALOGS = YES;
				MTL_ENABLE_DEBUG_INFO = NO;
				MTL_FAST_MATH = YES;
				SDKROOT = iphoneos;
				SWIFT_COMPILATION_MODE = wholemodule;
				VALIDATE_PRODUCT = YES;
			};
			name = Release;
		};
		DA641F7A2BE292F7008AF0BC /* Debug */ = {
			isa = XCBuildConfiguration;
			buildSettings = {
				ASSETCATALOG_COMPILER_APPICON_NAME = AppIcon;
				ASSETCATALOG_COMPILER_GLOBAL_ACCENT_COLOR_NAME = AccentColor;
				CODE_SIGN_STYLE = Automatic;
				CURRENT_PROJECT_VERSION = 1;
				DEVELOPMENT_ASSET_PATHS = "\"Expenses/Preview Content\"";
				DEVELOPMENT_TEAM = CUKPDDT2TD;
				ENABLE_PREVIEWS = YES;
				GENERATE_INFOPLIST_FILE = YES;
				INFOPLIST_FILE = Expenses/Info.plist;
				INFOPLIST_KEY_UIApplicationSceneManifest_Generation = YES;
				INFOPLIST_KEY_UIApplicationSupportsIndirectInputEvents = YES;
				INFOPLIST_KEY_UILaunchScreen_Generation = YES;
				INFOPLIST_KEY_UISupportedInterfaceOrientations_iPad = "UIInterfaceOrientationPortrait UIInterfaceOrientationPortraitUpsideDown UIInterfaceOrientationLandscapeLeft UIInterfaceOrientationLandscapeRight";
				INFOPLIST_KEY_UISupportedInterfaceOrientations_iPhone = "UIInterfaceOrientationPortrait UIInterfaceOrientationLandscapeLeft UIInterfaceOrientationLandscapeRight";
				IPHONEOS_DEPLOYMENT_TARGET = 16.1;
				LD_RUNPATH_SEARCH_PATHS = (
					"$(inherited)",
					"@executable_path/Frameworks",
				);
				MARKETING_VERSION = 1.0;
				PRODUCT_BUNDLE_IDENTIFIER = PME.Expenses;
				PRODUCT_NAME = "$(TARGET_NAME)";
				SWIFT_EMIT_LOC_STRINGS = YES;
				SWIFT_VERSION = 5.0;
				TARGETED_DEVICE_FAMILY = "1,2";
			};
			name = Debug;
		};
		DA641F7B2BE292F7008AF0BC /* Release */ = {
			isa = XCBuildConfiguration;
			buildSettings = {
				ASSETCATALOG_COMPILER_APPICON_NAME = AppIcon;
				ASSETCATALOG_COMPILER_GLOBAL_ACCENT_COLOR_NAME = AccentColor;
				CODE_SIGN_STYLE = Automatic;
				CURRENT_PROJECT_VERSION = 1;
				DEVELOPMENT_ASSET_PATHS = "\"Expenses/Preview Content\"";
				DEVELOPMENT_TEAM = CUKPDDT2TD;
				ENABLE_PREVIEWS = YES;
				GENERATE_INFOPLIST_FILE = YES;
				INFOPLIST_FILE = Expenses/Info.plist;
				INFOPLIST_KEY_UIApplicationSceneManifest_Generation = YES;
				INFOPLIST_KEY_UIApplicationSupportsIndirectInputEvents = YES;
				INFOPLIST_KEY_UILaunchScreen_Generation = YES;
				INFOPLIST_KEY_UISupportedInterfaceOrientations_iPad = "UIInterfaceOrientationPortrait UIInterfaceOrientationPortraitUpsideDown UIInterfaceOrientationLandscapeLeft UIInterfaceOrientationLandscapeRight";
				INFOPLIST_KEY_UISupportedInterfaceOrientations_iPhone = "UIInterfaceOrientationPortrait UIInterfaceOrientationLandscapeLeft UIInterfaceOrientationLandscapeRight";
				IPHONEOS_DEPLOYMENT_TARGET = 16.1;
				LD_RUNPATH_SEARCH_PATHS = (
					"$(inherited)",
					"@executable_path/Frameworks",
				);
				MARKETING_VERSION = 1.0;
				PRODUCT_BUNDLE_IDENTIFIER = PME.Expenses;
				PRODUCT_NAME = "$(TARGET_NAME)";
				SWIFT_EMIT_LOC_STRINGS = YES;
				SWIFT_VERSION = 5.0;
				TARGETED_DEVICE_FAMILY = "1,2";
			};
			name = Release;
		};
		DA641F7D2BE292F7008AF0BC /* Debug */ = {
			isa = XCBuildConfiguration;
			buildSettings = {
				ALWAYS_EMBED_SWIFT_STANDARD_LIBRARIES = YES;
				BUNDLE_LOADER = "$(TEST_HOST)";
				CODE_SIGN_STYLE = Automatic;
				CURRENT_PROJECT_VERSION = 1;
				DEVELOPMENT_TEAM = CUKPDDT2TD;
				GENERATE_INFOPLIST_FILE = YES;
				IPHONEOS_DEPLOYMENT_TARGET = 16.1;
				MARKETING_VERSION = 1.0;
				PRODUCT_BUNDLE_IDENTIFIER = PME.ExpensesTests;
				PRODUCT_NAME = "$(TARGET_NAME)";
				SWIFT_EMIT_LOC_STRINGS = NO;
				SWIFT_VERSION = 5.0;
				TARGETED_DEVICE_FAMILY = "1,2";
				TEST_HOST = "$(BUILT_PRODUCTS_DIR)/Expenses.app/$(BUNDLE_EXECUTABLE_FOLDER_PATH)/Expenses";
			};
			name = Debug;
		};
		DA641F7E2BE292F7008AF0BC /* Release */ = {
			isa = XCBuildConfiguration;
			buildSettings = {
				ALWAYS_EMBED_SWIFT_STANDARD_LIBRARIES = YES;
				BUNDLE_LOADER = "$(TEST_HOST)";
				CODE_SIGN_STYLE = Automatic;
				CURRENT_PROJECT_VERSION = 1;
				DEVELOPMENT_TEAM = CUKPDDT2TD;
				GENERATE_INFOPLIST_FILE = YES;
				IPHONEOS_DEPLOYMENT_TARGET = 16.1;
				MARKETING_VERSION = 1.0;
				PRODUCT_BUNDLE_IDENTIFIER = PME.ExpensesTests;
				PRODUCT_NAME = "$(TARGET_NAME)";
				SWIFT_EMIT_LOC_STRINGS = NO;
				SWIFT_VERSION = 5.0;
				TARGETED_DEVICE_FAMILY = "1,2";
				TEST_HOST = "$(BUILT_PRODUCTS_DIR)/Expenses.app/$(BUNDLE_EXECUTABLE_FOLDER_PATH)/Expenses";
			};
			name = Release;
		};
		DA641F802BE292F7008AF0BC /* Debug */ = {
			isa = XCBuildConfiguration;
			buildSettings = {
				ALWAYS_EMBED_SWIFT_STANDARD_LIBRARIES = YES;
				CODE_SIGN_STYLE = Automatic;
				CURRENT_PROJECT_VERSION = 1;
				DEVELOPMENT_TEAM = CUKPDDT2TD;
				GENERATE_INFOPLIST_FILE = YES;
				INFOPLIST_FILE = ExpensesUITests/Info.plist;
				MARKETING_VERSION = 1.0;
				PRODUCT_BUNDLE_IDENTIFIER = PME.ExpensesUITests;
				PRODUCT_NAME = "$(TARGET_NAME)";
				SWIFT_EMIT_LOC_STRINGS = NO;
				SWIFT_VERSION = 5.0;
				TARGETED_DEVICE_FAMILY = "1,2";
				TEST_TARGET_NAME = Expenses;
			};
			name = Debug;
		};
		DA641F812BE292F7008AF0BC /* Release */ = {
			isa = XCBuildConfiguration;
			buildSettings = {
				ALWAYS_EMBED_SWIFT_STANDARD_LIBRARIES = YES;
				CODE_SIGN_STYLE = Automatic;
				CURRENT_PROJECT_VERSION = 1;
				DEVELOPMENT_TEAM = CUKPDDT2TD;
				GENERATE_INFOPLIST_FILE = YES;
				INFOPLIST_FILE = ExpensesUITests/Info.plist;
				MARKETING_VERSION = 1.0;
				PRODUCT_BUNDLE_IDENTIFIER = PME.ExpensesUITests;
				PRODUCT_NAME = "$(TARGET_NAME)";
				SWIFT_EMIT_LOC_STRINGS = NO;
				SWIFT_VERSION = 5.0;
				TARGETED_DEVICE_FAMILY = "1,2";
				TEST_TARGET_NAME = Expenses;
			};
			name = Release;
		};
/* End XCBuildConfiguration section */

/* Begin XCConfigurationList section */
		DA641F502BE292F3008AF0BC /* Build configuration list for PBXProject "Expenses" */ = {
			isa = XCConfigurationList;
			buildConfigurations = (
				DA641F772BE292F7008AF0BC /* Debug */,
				DA641F782BE292F7008AF0BC /* Release */,
			);
			defaultConfigurationIsVisible = 0;
			defaultConfigurationName = Release;
		};
		DA641F792BE292F7008AF0BC /* Build configuration list for PBXNativeTarget "Expenses" */ = {
			isa = XCConfigurationList;
			buildConfigurations = (
				DA641F7A2BE292F7008AF0BC /* Debug */,
				DA641F7B2BE292F7008AF0BC /* Release */,
			);
			defaultConfigurationIsVisible = 0;
			defaultConfigurationName = Release;
		};
		DA641F7C2BE292F7008AF0BC /* Build configuration list for PBXNativeTarget "ExpensesTests" */ = {
			isa = XCConfigurationList;
			buildConfigurations = (
				DA641F7D2BE292F7008AF0BC /* Debug */,
				DA641F7E2BE292F7008AF0BC /* Release */,
			);
			defaultConfigurationIsVisible = 0;
			defaultConfigurationName = Release;
		};
		DA641F7F2BE292F7008AF0BC /* Build configuration list for PBXNativeTarget "ExpensesUITests" */ = {
			isa = XCConfigurationList;
			buildConfigurations = (
				DA641F802BE292F7008AF0BC /* Debug */,
				DA641F812BE292F7008AF0BC /* Release */,
			);
			defaultConfigurationIsVisible = 0;
			defaultConfigurationName = Release;
		};
/* End XCConfigurationList section */
	};
	rootObject = DA641F4D2BE292F3008AF0BC /* Project object */;
}
